
Microsoft Visual Studio Solution File, Format Version 12.00
# Visual Studio Version 17
VisualStudioVersion = 17.9.34414.90
MinimumVisualStudioVersion = 10.0.40219.1
Project("{FAE04EC0-301F-11D3-BF4B-00C04F79EFBC}") = "BTLAB_API", "BTLAB_API\BTLAB_API.csproj", "{9C85FAF9-9097-402A-ABAD-17B72437A80B}"
EndProject
Global
	GlobalSection(SolutionConfigurationPlatforms) = preSolution
		Debug|Any CPU = Debug|Any CPU
		Release|Any CPU = Release|Any CPU
	EndGlobalSection
	GlobalSection(ProjectConfigurationPlatforms) = postSolution
		{9C85FAF9-9097-402A-ABAD-17B72437A80B}.Debug|Any CPU.ActiveCfg = Debug|Any CPU
		{9C85FAF9-9097-402A-ABAD-17B72437A80B}.Debug|Any CPU.Build.0 = Debug|Any CPU
		{9C85FAF9-9097-402A-ABAD-17B72437A80B}.Release|Any CPU.ActiveCfg = Release|Any CPU
		{9C85FAF9-9097-402A-ABAD-17B72437A80B}.Release|Any CPU.Build.0 = Release|Any CPU
	EndGlobalSection
	GlobalSection(SolutionProperties) = preSolution
		HideSolutionNode = FALSE
	EndGlobalSection
	GlobalSection(ExtensibilityGlobals) = postSolution
		SolutionGuid = {99729FE5-77C8-462A-9BA8-52790B7D0FA8}
	EndGlobalSection
EndGlobal
